
Microsoft Visual Studio Solution File, Format Version 12.00
Project("{FAE04EC0-301F-11D3-BF4B-00C04F79EFBC}") = "Service", "Service\Service.csproj", "{03380C8A-0172-4160-8429-AFB89CF70C67}"
EndProject
Project("{FAE04EC0-301F-11D3-BF4B-00C04F79EFBC}") = "Domain", "Domain\Domain.csproj", "{4EAF5A62-5F02-4273-AD69-9BB4E10FC430}"
EndProject
Project("{FAE04EC0-301F-11D3-BF4B-00C04F79EFBC}") = "Data", "Data\Data.csproj", "{1E10E132-0EA7-4779-AB03-4D438F26BB6D}"
EndProject
Global
	GlobalSection(SolutionConfigurationPlatforms) = preSolution
		Debug|Any CPU = Debug|Any CPU
		Debug|x64 = Debug|x64
		Debug|x86 = Debug|x86
		Release|Any CPU = Release|Any CPU
		Release|x64 = Release|x64
		Release|x86 = Release|x86
	EndGlobalSection
	GlobalSection(ProjectConfigurationPlatforms) = postSolution
		{03380C8A-0172-4160-8429-AFB89CF70C67}.Debug|Any CPU.ActiveCfg = Debug|Any CPU
		{03380C8A-0172-4160-8429-AFB89CF70C67}.Debug|Any CPU.Build.0 = Debug|Any CPU
		{03380C8A-0172-4160-8429-AFB89CF70C67}.Debug|x64.ActiveCfg = Debug|Any CPU
		{03380C8A-0172-4160-8429-AFB89CF70C67}.Debug|x64.Build.0 = Debug|Any CPU
		{03380C8A-0172-4160-8429-AFB89CF70C67}.Debug|x86.ActiveCfg = Debug|Any CPU
		{03380C8A-0172-4160-8429-AFB89CF70C67}.Debug|x86.Build.0 = Debug|Any CPU
		{03380C8A-0172-4160-8429-AFB89CF70C67}.Release|Any CPU.ActiveCfg = Release|Any CPU
		{03380C8A-0172-4160-8429-AFB89CF70C67}.Release|Any CPU.Build.0 = Release|Any CPU
		{03380C8A-0172-4160-8429-AFB89CF70C67}.Release|x64.ActiveCfg = Release|Any CPU
		{03380C8A-0172-4160-8429-AFB89CF70C67}.Release|x64.Build.0 = Release|Any CPU
		{03380C8A-0172-4160-8429-AFB89CF70C67}.Release|x86.ActiveCfg = Release|Any CPU
		{03380C8A-0172-4160-8429-AFB89CF70C67}.Release|x86.Build.0 = Release|Any CPU
		{4EAF5A62-5F02-4273-AD69-9BB4E10FC430}.Debug|Any CPU.ActiveCfg = Debug|Any CPU
		{4EAF5A62-5F02-4273-AD69-9BB4E10FC430}.Debug|Any CPU.Build.0 = Debug|Any CPU
		{4EAF5A62-5F02-4273-AD69-9BB4E10FC430}.Debug|x64.ActiveCfg = Debug|Any CPU
		{4EAF5A62-5F02-4273-AD69-9BB4E10FC430}.Debug|x64.Build.0 = Debug|Any CPU
		{4EAF5A62-5F02-4273-AD69-9BB4E10FC430}.Debug|x86.ActiveCfg = Debug|Any CPU
		{4EAF5A62-5F02-4273-AD69-9BB4E10FC430}.Debug|x86.Build.0 = Debug|Any CPU
		{4EAF5A62-5F02-4273-AD69-9BB4E10FC430}.Release|Any CPU.ActiveCfg = Release|Any CPU
		{4EAF5A62-5F02-4273-AD69-9BB4E10FC430}.Release|Any CPU.Build.0 = Release|Any CPU
		{4EAF5A62-5F02-4273-AD69-9BB4E10FC430}.Release|x64.ActiveCfg = Release|Any CPU
		{4EAF5A62-5F02-4273-AD69-9BB4E10FC430}.Release|x64.Build.0 = Release|Any CPU
		{4EAF5A62-5F02-4273-AD69-9BB4E10FC430}.Release|x86.ActiveCfg = Release|Any CPU
		{4EAF5A62-5F02-4273-AD69-9BB4E10FC430}.Release|x86.Build.0 = Release|Any CPU
		{1E10E132-0EA7-4779-AB03-4D438F26BB6D}.Debug|Any CPU.ActiveCfg = Debug|Any CPU
		{1E10E132-0EA7-4779-AB03-4D438F26BB6D}.Debug|Any CPU.Build.0 = Debug|Any CPU
		{1E10E132-0EA7-4779-AB03-4D438F26BB6D}.Debug|x64.ActiveCfg = Debug|Any CPU
		{1E10E132-0EA7-4779-AB03-4D438F26BB6D}.Debug|x64.Build.0 = Debug|Any CPU
		{1E10E132-0EA7-4779-AB03-4D438F26BB6D}.Debug|x86.ActiveCfg = Debug|Any CPU
		{1E10E132-0EA7-4779-AB03-4D438F26BB6D}.Debug|x86.Build.0 = Debug|Any CPU
		{1E10E132-0EA7-4779-AB03-4D438F26BB6D}.Release|Any CPU.ActiveCfg = Release|Any CPU
		{1E10E132-0EA7-4779-AB03-4D438F26BB6D}.Release|Any CPU.Build.0 = Release|Any CPU
		{1E10E132-0EA7-4779-AB03-4D438F26BB6D}.Release|x64.ActiveCfg = Release|Any CPU
		{1E10E132-0EA7-4779-AB03-4D438F26BB6D}.Release|x64.Build.0 = Release|Any CPU
		{1E10E132-0EA7-4779-AB03-4D438F26BB6D}.Release|x86.ActiveCfg = Release|Any CPU
		{1E10E132-0EA7-4779-AB03-4D438F26BB6D}.Release|x86.Build.0 = Release|Any CPU
	EndGlobalSection
	GlobalSection(SolutionProperties) = preSolution
		HideSolutionNode = FALSE
	EndGlobalSection
EndGlobal
